// !$*UTF8*$!
{
	archiveVersion = 1;
	classes = {
	};
	objectVersion = 50;
	objects = {

/* Begin PBXBuildFile section */
		3AA9AFE267F8BC7D400CF727 /* Pods_flixsterUITests.framework in Frameworks */ = {isa = PBXBuildFile; fileRef = AFB83F63C29F06DFE7CBB0E7 /* Pods_flixsterUITests.framework */; };
		5247F77175B26C421328F623 /* Pods_flixsterTests.framework in Frameworks */ = {isa = PBXBuildFile; fileRef = 72A638477E961DA5E622ACF3 /* Pods_flixsterTests.framework */; };
		E158CC7E2262A4CF0068F95D /* AppDelegate.swift in Sources */ = {isa = PBXBuildFile; fileRef = E158CC7D2262A4CF0068F95D /* AppDelegate.swift */; };
		E158CC832262A4CF0068F95D /* Main.storyboard in Resources */ = {isa = PBXBuildFile; fileRef = E158CC812262A4CF0068F95D /* Main.storyboard */; };
		E158CC852262A4D00068F95D /* Assets.xcassets in Resources */ = {isa = PBXBuildFile; fileRef = E158CC842262A4D00068F95D /* Assets.xcassets */; };
		E158CC882262A4D00068F95D /* LaunchScreen.storyboard in Resources */ = {isa = PBXBuildFile; fileRef = E158CC862262A4D00068F95D /* LaunchScreen.storyboard */; };
		E158CC932262A4D00068F95D /* flixsterTests.swift in Sources */ = {isa = PBXBuildFile; fileRef = E158CC922262A4D00068F95D /* flixsterTests.swift */; };
		E158CC9E2262A4D00068F95D /* flixsterUITests.swift in Sources */ = {isa = PBXBuildFile; fileRef = E158CC9D2262A4D00068F95D /* flixsterUITests.swift */; };
		E158CCAC2262A7520068F95D /* MoviesViewController.swift in Sources */ = {isa = PBXBuildFile; fileRef = E158CCAB2262A7520068F95D /* MoviesViewController.swift */; };
		E158CCB02262AF5C0068F95D /* MovieCell.swift in Sources */ = {isa = PBXBuildFile; fileRef = E158CCAF2262AF5C0068F95D /* MovieCell.swift */; };
		E164E498226C11D800169302 /* MovieDetailsViewController.swift in Sources */ = {isa = PBXBuildFile; fileRef = E164E497226C11D800169302 /* MovieDetailsViewController.swift */; };
		E164E49A226C254300169302 /* MovieGridViewController.swift in Sources */ = {isa = PBXBuildFile; fileRef = E164E499226C254300169302 /* MovieGridViewController.swift */; };
		E164E49C226C2AB400169302 /* MovieGridCell.swift in Sources */ = {isa = PBXBuildFile; fileRef = E164E49B226C2AB400169302 /* MovieGridCell.swift */; };
		E44BE142306FF3F53D03ACA6 /* Pods_flixster.framework in Frameworks */ = {isa = PBXBuildFile; fileRef = 1CE9580C97FCA6F825A2741C /* Pods_flixster.framework */; };
/* End PBXBuildFile section */

/* Begin PBXContainerItemProxy section */
		E158CC8F2262A4D00068F95D /* PBXContainerItemProxy */ = {
			isa = PBXContainerItemProxy;
			containerPortal = E158CC722262A4CE0068F95D /* Project object */;
			proxyType = 1;
			remoteGlobalIDString = E158CC792262A4CF0068F95D;
			remoteInfo = flixster;
		};
		E158CC9A2262A4D00068F95D /* PBXContainerItemProxy */ = {
			isa = PBXContainerItemProxy;
			containerPortal = E158CC722262A4CE0068F95D /* Project object */;
			proxyType = 1;
			remoteGlobalIDString = E158CC792262A4CF0068F95D;
			remoteInfo = flixster;
		};
/* End PBXContainerItemProxy section */

/* Begin PBXFileReference section */
		135C4F0A339C61BAD75B6B9F /* Pods-flixsterTests.release.xcconfig */ = {isa = PBXFileReference; includeInIndex = 1; lastKnownFileType = text.xcconfig; name = "Pods-flixsterTests.release.xcconfig"; path = "Target Support Files/Pods-flixsterTests/Pods-flixsterTests.release.xcconfig"; sourceTree = "<group>"; };
		1CE9580C97FCA6F825A2741C /* Pods_flixster.framework */ = {isa = PBXFileReference; explicitFileType = wrapper.framework; includeInIndex = 0; path = Pods_flixster.framework; sourceTree = BUILT_PRODUCTS_DIR; };
		5E9DE19FE39923130084E0C9 /* Pods-flixsterUITests.debug.xcconfig */ = {isa = PBXFileReference; includeInIndex = 1; lastKnownFileType = text.xcconfig; name = "Pods-flixsterUITests.debug.xcconfig"; path = "Target Support Files/Pods-flixsterUITests/Pods-flixsterUITests.debug.xcconfig"; sourceTree = "<group>"; };
		72A638477E961DA5E622ACF3 /* Pods_flixsterTests.framework */ = {isa = PBXFileReference; explicitFileType = wrapper.framework; includeInIndex = 0; path = Pods_flixsterTests.framework; sourceTree = BUILT_PRODUCTS_DIR; };
		7876D232FDDD2F680B80204A /* Pods-flixsterUITests.release.xcconfig */ = {isa = PBXFileReference; includeInIndex = 1; lastKnownFileType = text.xcconfig; name = "Pods-flixsterUITests.release.xcconfig"; path = "Target Support Files/Pods-flixsterUITests/Pods-flixsterUITests.release.xcconfig"; sourceTree = "<group>"; };
		AFB83F63C29F06DFE7CBB0E7 /* Pods_flixsterUITests.framework */ = {isa = PBXFileReference; explicitFileType = wrapper.framework; includeInIndex = 0; path = Pods_flixsterUITests.framework; sourceTree = BUILT_PRODUCTS_DIR; };
		CF3B6BBBD1ABAAEACA7E54B1 /* Pods-flixster.debug.xcconfig */ = {isa = PBXFileReference; includeInIndex = 1; lastKnownFileType = text.xcconfig; name = "Pods-flixster.debug.xcconfig"; path = "Target Support Files/Pods-flixster/Pods-flixster.debug.xcconfig"; sourceTree = "<group>"; };
		D5963573957192461D716CA1 /* Pods-flixster.release.xcconfig */ = {isa = PBXFileReference; includeInIndex = 1; lastKnownFileType = text.xcconfig; name = "Pods-flixster.release.xcconfig"; path = "Target Support Files/Pods-flixster/Pods-flixster.release.xcconfig"; sourceTree = "<group>"; };
		E158CC7A2262A4CF0068F95D /* flixster.app */ = {isa = PBXFileReference; explicitFileType = wrapper.application; includeInIndex = 0; path = flixster.app; sourceTree = BUILT_PRODUCTS_DIR; };
		E158CC7D2262A4CF0068F95D /* AppDelegate.swift */ = {isa = PBXFileReference; lastKnownFileType = sourcecode.swift; path = AppDelegate.swift; sourceTree = "<group>"; };
		E158CC822262A4CF0068F95D /* Base */ = {isa = PBXFileReference; lastKnownFileType = file.storyboard; name = Base; path = Base.lproj/Main.storyboard; sourceTree = "<group>"; };
		E158CC842262A4D00068F95D /* Assets.xcassets */ = {isa = PBXFileReference; lastKnownFileType = folder.assetcatalog; path = Assets.xcassets; sourceTree = "<group>"; };
		E158CC872262A4D00068F95D /* Base */ = {isa = PBXFileReference; lastKnownFileType = file.storyboard; name = Base; path = Base.lproj/LaunchScreen.storyboard; sourceTree = "<group>"; };
		E158CC892262A4D00068F95D /* Info.plist */ = {isa = PBXFileReference; lastKnownFileType = text.plist.xml; path = Info.plist; sourceTree = "<group>"; };
		E158CC8E2262A4D00068F95D /* flixsterTests.xctest */ = {isa = PBXFileReference; explicitFileType = wrapper.cfbundle; includeInIndex = 0; path = flixsterTests.xctest; sourceTree = BUILT_PRODUCTS_DIR; };
		E158CC922262A4D00068F95D /* flixsterTests.swift */ = {isa = PBXFileReference; lastKnownFileType = sourcecode.swift; path = flixsterTests.swift; sourceTree = "<group>"; };
		E158CC942262A4D00068F95D /* Info.plist */ = {isa = PBXFileReference; lastKnownFileType = text.plist.xml; path = Info.plist; sourceTree = "<group>"; };
		E158CC992262A4D00068F95D /* flixsterUITests.xctest */ = {isa = PBXFileReference; explicitFileType = wrapper.cfbundle; includeInIndex = 0; path = flixsterUITests.xctest; sourceTree = BUILT_PRODUCTS_DIR; };
		E158CC9D2262A4D00068F95D /* flixsterUITests.swift */ = {isa = PBXFileReference; lastKnownFileType = sourcecode.swift; path = flixsterUITests.swift; sourceTree = "<group>"; };
		E158CC9F2262A4D00068F95D /* Info.plist */ = {isa = PBXFileReference; lastKnownFileType = text.plist.xml; path = Info.plist; sourceTree = "<group>"; };
		E158CCAB2262A7520068F95D /* MoviesViewController.swift */ = {isa = PBXFileReference; lastKnownFileType = sourcecode.swift; path = MoviesViewController.swift; sourceTree = "<group>"; };
		E158CCAF2262AF5C0068F95D /* MovieCell.swift */ = {isa = PBXFileReference; lastKnownFileType = sourcecode.swift; path = MovieCell.swift; sourceTree = "<group>"; };
		E164E497226C11D800169302 /* MovieDetailsViewController.swift */ = {isa = PBXFileReference; lastKnownFileType = sourcecode.swift; path = MovieDetailsViewController.swift; sourceTree = "<group>"; };
		E164E499226C254300169302 /* MovieGridViewController.swift */ = {isa = PBXFileReference; lastKnownFileType = sourcecode.swift; path = MovieGridViewController.swift; sourceTree = "<group>"; };
		E164E49B226C2AB400169302 /* MovieGridCell.swift */ = {isa = PBXFileReference; lastKnownFileType = sourcecode.swift; path = MovieGridCell.swift; sourceTree = "<group>"; };
		F9D03CFF6A3824E88570D0E6 /* Pods-flixsterTests.debug.xcconfig */ = {isa = PBXFileReference; includeInIndex = 1; lastKnownFileType = text.xcconfig; name = "Pods-flixsterTests.debug.xcconfig"; path = "Target Support Files/Pods-flixsterTests/Pods-flixsterTests.debug.xcconfig"; sourceTree = "<group>"; };
/* End PBXFileReference section */

/* Begin PBXFrameworksBuildPhase section */
		E158CC772262A4CF0068F95D /* Frameworks */ = {
			isa = PBXFrameworksBuildPhase;
			buildActionMask = 2147483647;
			files = (
				E44BE142306FF3F53D03ACA6 /* Pods_flixster.framework in Frameworks */,
			);
			runOnlyForDeploymentPostprocessing = 0;
		};
		E158CC8B2262A4D00068F95D /* Frameworks */ = {
			isa = PBXFrameworksBuildPhase;
			buildActionMask = 2147483647;
			files = (
				5247F77175B26C421328F623 /* Pods_flixsterTests.framework in Frameworks */,
			);
			runOnlyForDeploymentPostprocessing = 0;
		};
		E158CC962262A4D00068F95D /* Frameworks */ = {
			isa = PBXFrameworksBuildPhase;
			buildActionMask = 2147483647;
			files = (
				3AA9AFE267F8BC7D400CF727 /* Pods_flixsterUITests.framework in Frameworks */,
			);
			runOnlyForDeploymentPostprocessing = 0;
		};
/* End PBXFrameworksBuildPhase section */

/* Begin PBXGroup section */
		0DCAEF10045F7A9F13F8D91D /* Pods */ = {
			isa = PBXGroup;
			children = (
				CF3B6BBBD1ABAAEACA7E54B1 /* Pods-flixster.debug.xcconfig */,
				D5963573957192461D716CA1 /* Pods-flixster.release.xcconfig */,
				F9D03CFF6A3824E88570D0E6 /* Pods-flixsterTests.debug.xcconfig */,
				135C4F0A339C61BAD75B6B9F /* Pods-flixsterTests.release.xcconfig */,
				5E9DE19FE39923130084E0C9 /* Pods-flixsterUITests.debug.xcconfig */,
				7876D232FDDD2F680B80204A /* Pods-flixsterUITests.release.xcconfig */,
			);
			path = Pods;
			sourceTree = "<group>";
		};
		E158CC712262A4CE0068F95D = {
			isa = PBXGroup;
			children = (
				E158CC7C2262A4CF0068F95D /* flixster */,
				E158CC912262A4D00068F95D /* flixsterTests */,
				E158CC9C2262A4D00068F95D /* flixsterUITests */,
				E158CC7B2262A4CF0068F95D /* Products */,
				0DCAEF10045F7A9F13F8D91D /* Pods */,
				FF700E766EB16E91ECFB334A /* Frameworks */,
			);
			sourceTree = "<group>";
		};
		E158CC7B2262A4CF0068F95D /* Products */ = {
			isa = PBXGroup;
			children = (
				E158CC7A2262A4CF0068F95D /* flixster.app */,
				E158CC8E2262A4D00068F95D /* flixsterTests.xctest */,
				E158CC992262A4D00068F95D /* flixsterUITests.xctest */,
			);
			name = Products;
			sourceTree = "<group>";
		};
		E158CC7C2262A4CF0068F95D /* flixster */ = {
			isa = PBXGroup;
			children = (
				E158CC7D2262A4CF0068F95D /* AppDelegate.swift */,
				E158CC812262A4CF0068F95D /* Main.storyboard */,
				E158CC842262A4D00068F95D /* Assets.xcassets */,
				E158CC862262A4D00068F95D /* LaunchScreen.storyboard */,
				E158CC892262A4D00068F95D /* Info.plist */,
				E158CCAB2262A7520068F95D /* MoviesViewController.swift */,
				E158CCAF2262AF5C0068F95D /* MovieCell.swift */,
				E164E497226C11D800169302 /* MovieDetailsViewController.swift */,
				E164E499226C254300169302 /* MovieGridViewController.swift */,
				E164E49B226C2AB400169302 /* MovieGridCell.swift */,
			);
			path = flixster;
			sourceTree = "<group>";
		};
		E158CC912262A4D00068F95D /* flixsterTests */ = {
			isa = PBXGroup;
			children = (
				E158CC922262A4D00068F95D /* flixsterTests.swift */,
				E158CC942262A4D00068F95D /* Info.plist */,
			);
			path = flixsterTests;
			sourceTree = "<group>";
		};
		E158CC9C2262A4D00068F95D /* flixsterUITests */ = {
			isa = PBXGroup;
			children = (
				E158CC9D2262A4D00068F95D /* flixsterUITests.swift */,
				E158CC9F2262A4D00068F95D /* Info.plist */,
			);
			path = flixsterUITests;
			sourceTree = "<group>";
		};
		FF700E766EB16E91ECFB334A /* Frameworks */ = {
			isa = PBXGroup;
			children = (
				1CE9580C97FCA6F825A2741C /* Pods_flixster.framework */,
				72A638477E961DA5E622ACF3 /* Pods_flixsterTests.framework */,
				AFB83F63C29F06DFE7CBB0E7 /* Pods_flixsterUITests.framework */,
			);
			name = Frameworks;
			sourceTree = "<group>";
		};
/* End PBXGroup section */

/* Begin PBXNativeTarget section */
		E158CC792262A4CF0068F95D /* flixster */ = {
			isa = PBXNativeTarget;
			buildConfigurationList = E158CCA22262A4D00068F95D /* Build configuration list for PBXNativeTarget "flixster" */;
			buildPhases = (
				D0EB93D5085C3674388FF9A1 /* [CP] Check Pods Manifest.lock */,
				E158CC762262A4CF0068F95D /* Sources */,
				E158CC772262A4CF0068F95D /* Frameworks */,
				E158CC782262A4CF0068F95D /* Resources */,
				A55DF0E7FFCA17893D97345F /* [CP] Embed Pods Frameworks */,
			);
			buildRules = (
			);
			dependencies = (
			);
			name = flixster;
			productName = flixster;
			productReference = E158CC7A2262A4CF0068F95D /* flixster.app */;
			productType = "com.apple.product-type.application";
		};
		E158CC8D2262A4D00068F95D /* flixsterTests */ = {
			isa = PBXNativeTarget;
			buildConfigurationList = E158CCA52262A4D00068F95D /* Build configuration list for PBXNativeTarget "flixsterTests" */;
			buildPhases = (
				8F06376F01D9556D74C37E75 /* [CP] Check Pods Manifest.lock */,
				E158CC8A2262A4D00068F95D /* Sources */,
				E158CC8B2262A4D00068F95D /* Frameworks */,
				E158CC8C2262A4D00068F95D /* Resources */,
			);
			buildRules = (
			);
			dependencies = (
				E158CC902262A4D00068F95D /* PBXTargetDependency */,
			);
			name = flixsterTests;
			productName = flixsterTests;
			productReference = E158CC8E2262A4D00068F95D /* flixsterTests.xctest */;
			productType = "com.apple.product-type.bundle.unit-test";
		};
		E158CC982262A4D00068F95D /* flixsterUITests */ = {
			isa = PBXNativeTarget;
			buildConfigurationList = E158CCA82262A4D00068F95D /* Build configuration list for PBXNativeTarget "flixsterUITests" */;
			buildPhases = (
				DCB5B63B906FEDC397FB2907 /* [CP] Check Pods Manifest.lock */,
				E158CC952262A4D00068F95D /* Sources */,
				E158CC962262A4D00068F95D /* Frameworks */,
				E158CC972262A4D00068F95D /* Resources */,
			);
			buildRules = (
			);
			dependencies = (
				E158CC9B2262A4D00068F95D /* PBXTargetDependency */,
			);
			name = flixsterUITests;
			productName = flixsterUITests;
			productReference = E158CC992262A4D00068F95D /* flixsterUITests.xctest */;
			productType = "com.apple.product-type.bundle.ui-testing";
		};
/* End PBXNativeTarget section */

/* Begin PBXProject section */
		E158CC722262A4CE0068F95D /* Project object */ = {
			isa = PBXProject;
			attributes = {
				LastSwiftUpdateCheck = 1020;
				LastUpgradeCheck = 1020;
				ORGANIZATIONNAME = ayushisri;
				TargetAttributes = {
					E158CC792262A4CF0068F95D = {
						CreatedOnToolsVersion = 10.2;
					};
					E158CC8D2262A4D00068F95D = {
						CreatedOnToolsVersion = 10.2;
						TestTargetID = E158CC792262A4CF0068F95D;
					};
					E158CC982262A4D00068F95D = {
						CreatedOnToolsVersion = 10.2;
						TestTargetID = E158CC792262A4CF0068F95D;
					};
				};
			};
			buildConfigurationList = E158CC752262A4CE0068F95D /* Build configuration list for PBXProject "flixster" */;
			compatibilityVersion = "Xcode 9.3";
			developmentRegion = en;
			hasScannedForEncodings = 0;
			knownRegions = (
				en,
				Base,
			);
			mainGroup = E158CC712262A4CE0068F95D;
			productRefGroup = E158CC7B2262A4CF0068F95D /* Products */;
			projectDirPath = "";
			projectRoot = "";
			targets = (
				E158CC792262A4CF0068F95D /* flixster */,
				E158CC8D2262A4D00068F95D /* flixsterTests */,
				E158CC982262A4D00068F95D /* flixsterUITests */,
			);
		};
/* End PBXProject section */

/* Begin PBXResourcesBuildPhase section */
		E158CC782262A4CF0068F95D /* Resources */ = {
			isa = PBXResourcesBuildPhase;
			buildActionMask = 2147483647;
			files = (
				E158CC882262A4D00068F95D /* LaunchScreen.storyboard in Resources */,
				E158CC852262A4D00068F95D /* Assets.xcassets in Resources */,
				E158CC832262A4CF0068F95D /* Main.storyboard in Resources */,
			);
			runOnlyForDeploymentPostprocessing = 0;
		};
		E158CC8C2262A4D00068F95D /* Resources */ = {
			isa = PBXResourcesBuildPhase;
			buildActionMask = 2147483647;
			files = (
			);
			runOnlyForDeploymentPostprocessing = 0;
		};
		E158CC972262A4D00068F95D /* Resources */ = {
			isa = PBXResourcesBuildPhase;
			buildActionMask = 2147483647;
			files = (
			);
			runOnlyForDeploymentPostprocessing = 0;
		};
/* End PBXResourcesBuildPhase section */

/* Begin PBXShellScriptBuildPhase section */
		8F06376F01D9556D74C37E75 /* [CP] Check Pods Manifest.lock */ = {
			isa = PBXShellScriptBuildPhase;
			buildActionMask = 2147483647;
			files = (
			);
			inputFileListPaths = (
			);
			inputPaths = (
				"${PODS_PODFILE_DIR_PATH}/Podfile.lock",
				"${PODS_ROOT}/Manifest.lock",
			);
			name = "[CP] Check Pods Manifest.lock";
			outputFileListPaths = (
			);
			outputPaths = (
				"$(DERIVED_FILE_DIR)/Pods-flixsterTests-checkManifestLockResult.txt",
			);
			runOnlyForDeploymentPostprocessing = 0;
			shellPath = /bin/sh;
			shellScript = "diff \"${PODS_PODFILE_DIR_PATH}/Podfile.lock\" \"${PODS_ROOT}/Manifest.lock\" > /dev/null\nif [ $? != 0 ] ; then\n    # print error to STDERR\n    echo \"error: The sandbox is not in sync with the Podfile.lock. Run 'pod install' or update your CocoaPods installation.\" >&2\n    exit 1\nfi\n# This output is used by Xcode 'outputs' to avoid re-running this script phase.\necho \"SUCCESS\" > \"${SCRIPT_OUTPUT_FILE_0}\"\n";
			showEnvVarsInLog = 0;
		};
		A55DF0E7FFCA17893D97345F /* [CP] Embed Pods Frameworks */ = {
			isa = PBXShellScriptBuildPhase;
			buildActionMask = 2147483647;
			files = (
			);
			inputFileListPaths = (
			);
			inputPaths = (
				"${PODS_ROOT}/Target Support Files/Pods-flixster/Pods-flixster-frameworks.sh",
				"${BUILT_PRODUCTS_DIR}/Alamofire/Alamofire.framework",
				"${BUILT_PRODUCTS_DIR}/AlamofireImage/AlamofireImage.framework",
			);
			name = "[CP] Embed Pods Frameworks";
			outputFileListPaths = (
			);
			outputPaths = (
				"${TARGET_BUILD_DIR}/${FRAMEWORKS_FOLDER_PATH}/Alamofire.framework",
				"${TARGET_BUILD_DIR}/${FRAMEWORKS_FOLDER_PATH}/AlamofireImage.framework",
			);
			runOnlyForDeploymentPostprocessing = 0;
			shellPath = /bin/sh;
			shellScript = "\"${PODS_ROOT}/Target Support Files/Pods-flixster/Pods-flixster-frameworks.sh\"\n";
			showEnvVarsInLog = 0;
		};
		D0EB93D5085C3674388FF9A1 /* [CP] Check Pods Manifest.lock */ = {
			isa = PBXShellScriptBuildPhase;
			buildActionMask = 2147483647;
			files = (
			);
			inputFileListPaths = (
			);
			inputPaths = (
				"${PODS_PODFILE_DIR_PATH}/Podfile.lock",
				"${PODS_ROOT}/Manifest.lock",
			);
			name = "[CP] Check Pods Manifest.lock";
			outputFileListPaths = (
			);
			outputPaths = (
				"$(DERIVED_FILE_DIR)/Pods-flixster-checkManifestLockResult.txt",
			);
			runOnlyForDeploymentPostprocessing = 0;
			shellPath = /bin/sh;
			shellScript = "diff \"${PODS_PODFILE_DIR_PATH}/Podfile.lock\" \"${PODS_ROOT}/Manifest.lock\" > /dev/null\nif [ $? != 0 ] ; then\n    # print error to STDERR\n    echo \"error: The sandbox is not in sync with the Podfile.lock. Run 'pod install' or update your CocoaPods installation.\" >&2\n    exit 1\nfi\n# This output is used by Xcode 'outputs' to avoid re-running this script phase.\necho \"SUCCESS\" > \"${SCRIPT_OUTPUT_FILE_0}\"\n";
			showEnvVarsInLog = 0;
		};
		DCB5B63B906FEDC397FB2907 /* [CP] Check Pods Manifest.lock */ = {
			isa = PBXShellScriptBuildPhase;
			buildActionMask = 2147483647;
			files = (
			);
			inputFileListPaths = (
			);
			inputPaths = (
				"${PODS_PODFILE_DIR_PATH}/Podfile.lock",
				"${PODS_ROOT}/Manifest.lock",
			);
			name = "[CP] Check Pods Manifest.lock";
			outputFileListPaths = (
			);
			outputPaths = (
				"$(DERIVED_FILE_DIR)/Pods-flixsterUITests-checkManifestLockResult.txt",
			);
			runOnlyForDeploymentPostprocessing = 0;
			shellPath = /bin/sh;
			shellScript = "diff \"${PODS_PODFILE_DIR_PATH}/Podfile.lock\" \"${PODS_ROOT}/Manifest.lock\" > /dev/null\nif [ $? != 0 ] ; then\n    # print error to STDERR\n    echo \"error: The sandbox is not in sync with the Podfile.lock. Run 'pod install' or update your CocoaPods installation.\" >&2\n    exit 1\nfi\n# This output is used by Xcode 'outputs' to avoid re-running this script phase.\necho \"SUCCESS\" > \"${SCRIPT_OUTPUT_FILE_0}\"\n";
			showEnvVarsInLog = 0;
		};
/* End PBXShellScriptBuildPhase section */

/* Begin PBXSourcesBuildPhase section */
		E158CC762262A4CF0068F95D /* Sources */ = {
			isa = PBXSourcesBuildPhase;
			buildActionMask = 2147483647;
			files = (
				E164E49A226C254300169302 /* MovieGridViewController.swift in Sources */,
				E164E498226C11D800169302 /* MovieDetailsViewController.swift in Sources */,
				E158CC7E2262A4CF0068F95D /* AppDelegate.swift in Sources */,
				E158CCAC2262A7520068F95D /* MoviesViewController.swift in Sources */,
				E164E49C226C2AB400169302 /* MovieGridCell.swift in Sources */,
				E158CCB02262AF5C0068F95D /* MovieCell.swift in Sources */,
			);
			runOnlyForDeploymentPostprocessing = 0;
		};
		E158CC8A2262A4D00068F95D /* Sources */ = {
			isa = PBXSourcesBuildPhase;
			buildActionMask = 2147483647;
			files = (
				E158CC932262A4D00068F95D /* flixsterTests.swift in Sources */,
			);
			runOnlyForDeploymentPostprocessing = 0;
		};
		E158CC952262A4D00068F95D /* Sources */ = {
			isa = PBXSourcesBuildPhase;
			buildActionMask = 2147483647;
			files = (
				E158CC9E2262A4D00068F95D /* flixsterUITests.swift in Sources */,
			);
			runOnlyForDeploymentPostprocessing = 0;
		};
/* End PBXSourcesBuildPhase section */

/* Begin PBXTargetDependency section */
		E158CC902262A4D00068F95D /* PBXTargetDependency */ = {
			isa = PBXTargetDependency;
			target = E158CC792262A4CF0068F95D /* flixster */;
			targetProxy = E158CC8F2262A4D00068F95D /* PBXContainerItemProxy */;
		};
		E158CC9B2262A4D00068F95D /* PBXTargetDependency */ = {
			isa = PBXTargetDependency;
			target = E158CC792262A4CF0068F95D /* flixster */;
			targetProxy = E158CC9A2262A4D00068F95D /* PBXContainerItemProxy */;
		};
/* End PBXTargetDependency section */

/* Begin PBXVariantGroup section */
		E158CC812262A4CF0068F95D /* Main.storyboard */ = {
			isa = PBXVariantGroup;
			children = (
				E158CC822262A4CF0068F95D /* Base */,
			);
			name = Main.storyboard;
			sourceTree = "<group>";
		};
		E158CC862262A4D00068F95D /* LaunchScreen.storyboard */ = {
			isa = PBXVariantGroup;
			children = (
				E158CC872262A4D00068F95D /* Base */,
			);
			name = LaunchScreen.storyboard;
			sourceTree = "<group>";
		};
/* End PBXVariantGroup section */

/* Begin XCBuildConfiguration section */
		E158CCA02262A4D00068F95D /* Debug */ = {
			isa = XCBuildConfiguration;
			buildSettings = {
				ALWAYS_SEARCH_USER_PATHS = NO;
				CLANG_ANALYZER_NONNULL = YES;
				CLANG_ANALYZER_NUMBER_OBJECT_CONVERSION = YES_AGGRESSIVE;
				CLANG_CXX_LANGUAGE_STANDARD = "gnu++14";
				CLANG_CXX_LIBRARY = "libc++";
				CLANG_ENABLE_MODULES = YES;
				CLANG_ENABLE_OBJC_ARC = YES;
				CLANG_ENABLE_OBJC_WEAK = YES;
				CLANG_WARN_BLOCK_CAPTURE_AUTORELEASING = YES;
				CLANG_WARN_BOOL_CONVERSION = YES;
				CLANG_WARN_COMMA = YES;
				CLANG_WARN_CONSTANT_CONVERSION = YES;
				CLANG_WARN_DEPRECATED_OBJC_IMPLEMENTATIONS = YES;
				CLANG_WARN_DIRECT_OBJC_ISA_USAGE = YES_ERROR;
				CLANG_WARN_DOCUMENTATION_COMMENTS = YES;
				CLANG_WARN_EMPTY_BODY = YES;
				CLANG_WARN_ENUM_CONVERSION = YES;
				CLANG_WARN_INFINITE_RECURSION = YES;
				CLANG_WARN_INT_CONVERSION = YES;
				CLANG_WARN_NON_LITERAL_NULL_CONVERSION = YES;
				CLANG_WARN_OBJC_IMPLICIT_RETAIN_SELF = YES;
				CLANG_WARN_OBJC_LITERAL_CONVERSION = YES;
				CLANG_WARN_OBJC_ROOT_CLASS = YES_ERROR;
				CLANG_WARN_RANGE_LOOP_ANALYSIS = YES;
				CLANG_WARN_STRICT_PROTOTYPES = YES;
				CLANG_WARN_SUSPICIOUS_MOVE = YES;
				CLANG_WARN_UNGUARDED_AVAILABILITY = YES_AGGRESSIVE;
				CLANG_WARN_UNREACHABLE_CODE = YES;
				CLANG_WARN__DUPLICATE_METHOD_MATCH = YES;
				CODE_SIGN_IDENTITY = "iPhone Developer";
				COPY_PHASE_STRIP = NO;
				DEBUG_INFORMATION_FORMAT = dwarf;
				ENABLE_STRICT_OBJC_MSGSEND = YES;
				ENABLE_TESTABILITY = YES;
				GCC_C_LANGUAGE_STANDARD = gnu11;
				GCC_DYNAMIC_NO_PIC = NO;
				GCC_NO_COMMON_BLOCKS = YES;
				GCC_OPTIMIZATION_LEVEL = 0;
				GCC_PREPROCESSOR_DEFINITIONS = (
					"DEBUG=1",
					"$(inherited)",
				);
				GCC_WARN_64_TO_32_BIT_CONVERSION = YES;
				GCC_WARN_ABOUT_RETURN_TYPE = YES_ERROR;
				GCC_WARN_UNDECLARED_SELECTOR = YES;
				GCC_WARN_UNINITIALIZED_AUTOS = YES_AGGRESSIVE;
				GCC_WARN_UNUSED_FUNCTION = YES;
				GCC_WARN_UNUSED_VARIABLE = YES;
				IPHONEOS_DEPLOYMENT_TARGET = 12.2;
				MTL_ENABLE_DEBUG_INFO = INCLUDE_SOURCE;
				MTL_FAST_MATH = YES;
				ONLY_ACTIVE_ARCH = YES;
				SDKROOT = iphoneos;
				SWIFT_ACTIVE_COMPILATION_CONDITIONS = DEBUG;
				SWIFT_OPTIMIZATION_LEVEL = "-Onone";
			};
			name = Debug;
		};
		E158CCA12262A4D00068F95D /* Release */ = {
			isa = XCBuildConfiguration;
			buildSettings = {
				ALWAYS_SEARCH_USER_PATHS = NO;
				CLANG_ANALYZER_NONNULL = YES;
				CLANG_ANALYZER_NUMBER_OBJECT_CONVERSION = YES_AGGRESSIVE;
				CLANG_CXX_LANGUAGE_STANDARD = "gnu++14";
				CLANG_CXX_LIBRARY = "libc++";
				CLANG_ENABLE_MODULES = YES;
				CLANG_ENABLE_OBJC_ARC = YES;
				CLANG_ENABLE_OBJC_WEAK = YES;
				CLANG_WARN_BLOCK_CAPTURE_AUTORELEASING = YES;
				CLANG_WARN_BOOL_CONVERSION = YES;
				CLANG_WARN_COMMA = YES;
				CLANG_WARN_CONSTANT_CONVERSION = YES;
				CLANG_WARN_DEPRECATED_OBJC_IMPLEMENTATIONS = YES;
				CLANG_WARN_DIRECT_OBJC_ISA_USAGE = YES_ERROR;
				CLANG_WARN_DOCUMENTATION_COMMENTS = YES;
				CLANG_WARN_EMPTY_BODY = YES;
				CLANG_WARN_ENUM_CONVERSION = YES;
				CLANG_WARN_INFINITE_RECURSION = YES;
				CLANG_WARN_INT_CONVERSION = YES;
				CLANG_WARN_NON_LITERAL_NULL_CONVERSION = YES;
				CLANG_WARN_OBJC_IMPLICIT_RETAIN_SELF = YES;
				CLANG_WARN_OBJC_LITERAL_CONVERSION = YES;
				CLANG_WARN_OBJC_ROOT_CLASS = YES_ERROR;
				CLANG_WARN_RANGE_LOOP_ANALYSIS = YES;
				CLANG_WARN_STRICT_PROTOTYPES = YES;
				CLANG_WARN_SUSPICIOUS_MOVE = YES;
				CLANG_WARN_UNGUARDED_AVAILABILITY = YES_AGGRESSIVE;
				CLANG_WARN_UNREACHABLE_CODE = YES;
				CLANG_WARN__DUPLICATE_METHOD_MATCH = YES;
				CODE_SIGN_IDENTITY = "iPhone Developer";
				COPY_PHASE_STRIP = NO;
				DEBUG_INFORMATION_FORMAT = "dwarf-with-dsym";
				ENABLE_NS_ASSERTIONS = NO;
				ENABLE_STRICT_OBJC_MSGSEND = YES;
				GCC_C_LANGUAGE_STANDARD = gnu11;
				GCC_NO_COMMON_BLOCKS = YES;
				GCC_WARN_64_TO_32_BIT_CONVERSION = YES;
				GCC_WARN_ABOUT_RETURN_TYPE = YES_ERROR;
				GCC_WARN_UNDECLARED_SELECTOR = YES;
				GCC_WARN_UNINITIALIZED_AUTOS = YES_AGGRESSIVE;
				GCC_WARN_UNUSED_FUNCTION = YES;
				GCC_WARN_UNUSED_VARIABLE = YES;
				IPHONEOS_DEPLOYMENT_TARGET = 12.2;
				MTL_ENABLE_DEBUG_INFO = NO;
				MTL_FAST_MATH = YES;
				SDKROOT = iphoneos;
				SWIFT_COMPILATION_MODE = wholemodule;
				SWIFT_OPTIMIZATION_LEVEL = "-O";
				VALIDATE_PRODUCT = YES;
			};
			name = Release;
		};
		E158CCA32262A4D00068F95D /* Debug */ = {
			isa = XCBuildConfiguration;
			baseConfigurationReference = CF3B6BBBD1ABAAEACA7E54B1 /* Pods-flixster.debug.xcconfig */;
			buildSettings = {
				ASSETCATALOG_COMPILER_APPICON_NAME = AppIcon;
				CODE_SIGN_IDENTITY = "iPhone Developer";
				CODE_SIGN_STYLE = Automatic;
				DEVELOPMENT_TEAM = "";
				INFOPLIST_FILE = flixster/Info.plist;
				LD_RUNPATH_SEARCH_PATHS = (
					"$(inherited)",
					"@executable_path/Frameworks",
				);
				PRODUCT_BUNDLE_IDENTIFIER = com.codepath.flixster;
				PRODUCT_NAME = "$(TARGET_NAME)";
				PROVISIONING_PROFILE_SPECIFIER = "";
				SWIFT_VERSION = 5.0;
				TARGETED_DEVICE_FAMILY = "1,2";
			};
			name = Debug;
		};
		E158CCA42262A4D00068F95D /* Release */ = {
			isa = XCBuildConfiguration;
			baseConfigurationReference = D5963573957192461D716CA1 /* Pods-flixster.release.xcconfig */;
			buildSettings = {
				ASSETCATALOG_COMPILER_APPICON_NAME = AppIcon;
				CODE_SIGN_IDENTITY = "iPhone Developer";
				CODE_SIGN_STYLE = Automatic;
				DEVELOPMENT_TEAM = "";
				INFOPLIST_FILE = flixster/Info.plist;
				LD_RUNPATH_SEARCH_PATHS = (
					"$(inherited)",
					"@executable_path/Frameworks",
				);
				PRODUCT_BUNDLE_IDENTIFIER = com.codepath.flixster;
				PRODUCT_NAME = "$(TARGET_NAME)";
				PROVISIONING_PROFILE_SPECIFIER = "";
				SWIFT_VERSION = 5.0;
				TARGETED_DEVICE_FAMILY = "1,2";
			};
			name = Release;
		};
		E158CCA62262A4D00068F95D /* Debug */ = {
			isa = XCBuildConfiguration;
			baseConfigurationReference = F9D03CFF6A3824E88570D0E6 /* Pods-flixsterTests.debug.xcconfig */;
			buildSettings = {
				ALWAYS_EMBED_SWIFT_STANDARD_LIBRARIES = YES;
				BUNDLE_LOADER = "$(TEST_HOST)";
				CODE_SIGN_STYLE = Automatic;
				INFOPLIST_FILE = flixsterTests/Info.plist;
				LD_RUNPATH_SEARCH_PATHS = (
					"$(inherited)",
					"@executable_path/Frameworks",
					"@loader_path/Frameworks",
				);
				PRODUCT_BUNDLE_IDENTIFIER = com.codepath.flixsterTests;
				PRODUCT_NAME = "$(TARGET_NAME)";
				SWIFT_VERSION = 5.0;
				TARGETED_DEVICE_FAMILY = "1,2";
				TEST_HOST = "$(BUILT_PRODUCTS_DIR)/flixster.app/flixster";
			};
			name = Debug;
		};
		E158CCA72262A4D00068F95D /* Release */ = {
			isa = XCBuildConfiguration;
			baseConfigurationReference = 135C4F0A339C61BAD75B6B9F /* Pods-flixsterTests.release.xcconfig */;
			buildSettings = {
				ALWAYS_EMBED_SWIFT_STANDARD_LIBRARIES = YES;
				BUNDLE_LOADER = "$(TEST_HOST)";
				CODE_SIGN_STYLE = Automatic;
				INFOPLIST_FILE = flixsterTests/Info.plist;
				LD_RUNPATH_SEARCH_PATHS = (
					"$(inherited)",
					"@executable_path/Frameworks",
					"@loader_path/Frameworks",
				);
				PRODUCT_BUNDLE_IDENTIFIER = com.codepath.flixsterTests;
				PRODUCT_NAME = "$(TARGET_NAME)";
				SWIFT_VERSION = 5.0;
				TARGETED_DEVICE_FAMILY = "1,2";
				TEST_HOST = "$(BUILT_PRODUCTS_DIR)/flixster.app/flixster";
			};
			name = Release;
		};
		E158CCA92262A4D00068F95D /* Debug */ = {
			isa = XCBuildConfiguration;
			baseConfigurationReference = 5E9DE19FE39923130084E0C9 /* Pods-flixsterUITests.debug.xcconfig */;
			buildSettings = {
				ALWAYS_EMBED_SWIFT_STANDARD_LIBRARIES = YES;
				CODE_SIGN_STYLE = Automatic;
				INFOPLIST_FILE = flixsterUITests/Info.plist;
				LD_RUNPATH_SEARCH_PATHS = (
					"$(inherited)",
					"@executable_path/Frameworks",
					"@loader_path/Frameworks",
				);
				PRODUCT_BUNDLE_IDENTIFIER = com.codepath.flixsterUITests;
				PRODUCT_NAME = "$(TARGET_NAME)";
				SWIFT_VERSION = 5.0;
				TARGETED_DEVICE_FAMILY = "1,2";
				TEST_TARGET_NAME = flixster;
			};
			name = Debug;
		};
		E158CCAA2262A4D00068F95D /* Release */ = {
			isa = XCBuildConfiguration;
			baseConfigurationReference = 7876D232FDDD2F680B80204A /* Pods-flixsterUITests.release.xcconfig */;
			buildSettings = {
				ALWAYS_EMBED_SWIFT_STANDARD_LIBRARIES = YES;
				CODE_SIGN_STYLE = Automatic;
				INFOPLIST_FILE = flixsterUITests/Info.plist;
				LD_RUNPATH_SEARCH_PATHS = (
					"$(inherited)",
					"@executable_path/Frameworks",
					"@loader_path/Frameworks",
				);
				PRODUCT_BUNDLE_IDENTIFIER = com.codepath.flixsterUITests;
				PRODUCT_NAME = "$(TARGET_NAME)";
				SWIFT_VERSION = 5.0;
				TARGETED_DEVICE_FAMILY = "1,2";
				TEST_TARGET_NAME = flixster;
			};
			name = Release;
		};
/* End XCBuildConfiguration section */

/* Begin XCConfigurationList section */
		E158CC752262A4CE0068F95D /* Build configuration list for PBXProject "flixster" */ = {
			isa = XCConfigurationList;
			buildConfigurations = (
				E158CCA02262A4D00068F95D /* Debug */,
				E158CCA12262A4D00068F95D /* Release */,
			);
			defaultConfigurationIsVisible = 0;
			defaultConfigurationName = Release;
		};
		E158CCA22262A4D00068F95D /* Build configuration list for PBXNativeTarget "flixster" */ = {
			isa = XCConfigurationList;
			buildConfigurations = (
				E158CCA32262A4D00068F95D /* Debug */,
				E158CCA42262A4D00068F95D /* Release */,
			);
			defaultConfigurationIsVisible = 0;
			defaultConfigurationName = Release;
		};
		E158CCA52262A4D00068F95D /* Build configuration list for PBXNativeTarget "flixsterTests" */ = {
			isa = XCConfigurationList;
			buildConfigurations = (
				E158CCA62262A4D00068F95D /* Debug */,
				E158CCA72262A4D00068F95D /* Release */,
			);
			defaultConfigurationIsVisible = 0;
			defaultConfigurationName = Release;
		};
		E158CCA82262A4D00068F95D /* Build configuration list for PBXNativeTarget "flixsterUITests" */ = {
			isa = XCConfigurationList;
			buildConfigurations = (
				E158CCA92262A4D00068F95D /* Debug */,
				E158CCAA2262A4D00068F95D /* Release */,
			);
			defaultConfigurationIsVisible = 0;
			defaultConfigurationName = Release;
		};
/* End XCConfigurationList section */
	};
	rootObject = E158CC722262A4CE0068F95D /* Project object */;
}
